
Microsoft Visual Studio Solution File, Format Version 12.00
# Visual Studio Version 16
VisualStudioVersion = 16.0.32630.194
MinimumVisualStudioVersion = 10.0.40219.1
Project("{FAE04EC0-301F-11D3-BF4B-00C04F79EFBC}") = "CoreDemo", "CoreDemo\CoreDemo.csproj", "{12AD9BFA-39C1-4BEE-889F-496737A2A956}"
EndProject
Project("{FAE04EC0-301F-11D3-BF4B-00C04F79EFBC}") = "EntityLayer", "EntityLayer\EntityLayer.csproj", "{2EE9B95E-F052-48B1-A8CA-D86088B73CB5}"
EndProject
Project("{FAE04EC0-301F-11D3-BF4B-00C04F79EFBC}") = "BusinessLayer", "BusinessLayer\BusinessLayer.csproj", "{91D3F028-252D-4442-A2E5-2AF9112FD451}"
EndProject
Project("{FAE04EC0-301F-11D3-BF4B-00C04F79EFBC}") = "DataAccessLayer", "DataAccessLayer\DataAccessLayer.csproj", "{0BE5DC4E-522B-4B66-A2D9-105A38783ACF}"
EndProject
Project("{FAE04EC0-301F-11D3-BF4B-00C04F79EFBC}") = "CoreLayer", "CoreLayer\CoreLayer.csproj", "{A01A22C7-342E-467C-97C1-E10E59A0D669}"
EndProject
Global
	GlobalSection(SolutionConfigurationPlatforms) = preSolution
		Debug|Any CPU = Debug|Any CPU
		Release|Any CPU = Release|Any CPU
	EndGlobalSection
	GlobalSection(ProjectConfigurationPlatforms) = postSolution
		{12AD9BFA-39C1-4BEE-889F-496737A2A956}.Debug|Any CPU.ActiveCfg = Debug|Any CPU
		{12AD9BFA-39C1-4BEE-889F-496737A2A956}.Debug|Any CPU.Build.0 = Debug|Any CPU
		{12AD9BFA-39C1-4BEE-889F-496737A2A956}.Release|Any CPU.ActiveCfg = Release|Any CPU
		{12AD9BFA-39C1-4BEE-889F-496737A2A956}.Release|Any CPU.Build.0 = Release|Any CPU
		{2EE9B95E-F052-48B1-A8CA-D86088B73CB5}.Debug|Any CPU.ActiveCfg = Debug|Any CPU
		{2EE9B95E-F052-48B1-A8CA-D86088B73CB5}.Debug|Any CPU.Build.0 = Debug|Any CPU
		{2EE9B95E-F052-48B1-A8CA-D86088B73CB5}.Release|Any CPU.ActiveCfg = Release|Any CPU
		{2EE9B95E-F052-48B1-A8CA-D86088B73CB5}.Release|Any CPU.Build.0 = Release|Any CPU
		{91D3F028-252D-4442-A2E5-2AF9112FD451}.Debug|Any CPU.ActiveCfg = Debug|Any CPU
		{91D3F028-252D-4442-A2E5-2AF9112FD451}.Debug|Any CPU.Build.0 = Debug|Any CPU
		{91D3F028-252D-4442-A2E5-2AF9112FD451}.Release|Any CPU.ActiveCfg = Release|Any CPU
		{91D3F028-252D-4442-A2E5-2AF9112FD451}.Release|Any CPU.Build.0 = Release|Any CPU
		{0BE5DC4E-522B-4B66-A2D9-105A38783ACF}.Debug|Any CPU.ActiveCfg = Debug|Any CPU
		{0BE5DC4E-522B-4B66-A2D9-105A38783ACF}.Debug|Any CPU.Build.0 = Debug|Any CPU
		{0BE5DC4E-522B-4B66-A2D9-105A38783ACF}.Release|Any CPU.ActiveCfg = Release|Any CPU
		{0BE5DC4E-522B-4B66-A2D9-105A38783ACF}.Release|Any CPU.Build.0 = Release|Any CPU
		{A01A22C7-342E-467C-97C1-E10E59A0D669}.Debug|Any CPU.ActiveCfg = Debug|Any CPU
		{A01A22C7-342E-467C-97C1-E10E59A0D669}.Debug|Any CPU.Build.0 = Debug|Any CPU
		{A01A22C7-342E-467C-97C1-E10E59A0D669}.Release|Any CPU.ActiveCfg = Release|Any CPU
		{A01A22C7-342E-467C-97C1-E10E59A0D669}.Release|Any CPU.Build.0 = Release|Any CPU
	EndGlobalSection
	GlobalSection(SolutionProperties) = preSolution
		HideSolutionNode = FALSE
	EndGlobalSection
	GlobalSection(ExtensibilityGlobals) = postSolution
		SolutionGuid = {F0CADCA7-25EF-4D02-8FB9-EB6EB6EA1387}
	EndGlobalSection
EndGlobal
